<Solution>
  <Project Path="GlobalFront.Client.csproj" />
  <Project Path="GlobalFront.Core.csproj" />
  <Project Path="GlobalFront.Tests.EditMode.csproj" />
  <Project Path="Assembly-CSharp-Editor.csproj" />
  <Project Path="GlobalFront.Server.csproj" />
  <Project Path="Assembly-CSharp.csproj" />
</Solution>
